// !$*UTF8*$!
{
	archiveVersion = 1;
	classes = {
	};
	objectVersion = 56;
	objects = {

/* Begin PBXBuildFile section */
		025780762A163F4E002301E7 /* MinesweeperApp.swift in Sources */ = {isa = PBXBuildFile; fileRef = 025780752A163F4E002301E7 /* MinesweeperApp.swift */; };
		025780782A163F4E002301E7 /* Persistence.swift in Sources */ = {isa = PBXBuildFile; fileRef = 025780772A163F4E002301E7 /* Persistence.swift */; };
		0257807B2A163F4E002301E7 /* Minesweeper.xcdatamodeld in Sources */ = {isa = PBXBuildFile; fileRef = 025780792A163F4E002301E7 /* Minesweeper.xcdatamodeld */; };
		0257807D2A163F4E002301E7 /* GameScreen.swift in Sources */ = {isa = PBXBuildFile; fileRef = 0257807C2A163F4E002301E7 /* GameScreen.swift */; };
		0257807F2A163F4F002301E7 /* Assets.xcassets in Resources */ = {isa = PBXBuildFile; fileRef = 0257807E2A163F4F002301E7 /* Assets.xcassets */; };
		025780832A163F4F002301E7 /* Preview Assets.xcassets in Resources */ = {isa = PBXBuildFile; fileRef = 025780822A163F4F002301E7 /* Preview Assets.xcassets */; };
		0257808F2A164435002301E7 /* TileModel.swift in Sources */ = {isa = PBXBuildFile; fileRef = 0257808E2A164435002301E7 /* TileModel.swift */; };
		025780912A1646B5002301E7 /* TileView.swift in Sources */ = {isa = PBXBuildFile; fileRef = 025780902A1646B5002301E7 /* TileView.swift */; };
		025780932A1648EA002301E7 /* GameScreenViewModel.swift in Sources */ = {isa = PBXBuildFile; fileRef = 025780922A1648EA002301E7 /* GameScreenViewModel.swift */; };
		027BB3512A1EC10C00C8E975 /* ImageLabelButton.swift in Sources */ = {isa = PBXBuildFile; fileRef = 027BB3502A1EC10C00C8E975 /* ImageLabelButton.swift */; };
		028353602A1E859500F77919 /* ImageButton.swift in Sources */ = {isa = PBXBuildFile; fileRef = 0283535F2A1E859500F77919 /* ImageButton.swift */; };
		029238C92A1674030079B33E /* BoardModel.swift in Sources */ = {isa = PBXBuildFile; fileRef = 029238C82A1674030079B33E /* BoardModel.swift */; };
/* End PBXBuildFile section */

/* Begin PBXFileReference section */
		025780722A163F4E002301E7 /* Minesweeper.app */ = {isa = PBXFileReference; explicitFileType = wrapper.application; includeInIndex = 0; path = Minesweeper.app; sourceTree = BUILT_PRODUCTS_DIR; };
		025780752A163F4E002301E7 /* MinesweeperApp.swift */ = {isa = PBXFileReference; lastKnownFileType = sourcecode.swift; path = MinesweeperApp.swift; sourceTree = "<group>"; };
		025780772A163F4E002301E7 /* Persistence.swift */ = {isa = PBXFileReference; lastKnownFileType = sourcecode.swift; path = Persistence.swift; sourceTree = "<group>"; };
		0257807A2A163F4E002301E7 /* Minesweeper.xcdatamodel */ = {isa = PBXFileReference; lastKnownFileType = wrapper.xcdatamodel; path = Minesweeper.xcdatamodel; sourceTree = "<group>"; };
		0257807C2A163F4E002301E7 /* GameScreen.swift */ = {isa = PBXFileReference; lastKnownFileType = sourcecode.swift; path = GameScreen.swift; sourceTree = "<group>"; };
		0257807E2A163F4F002301E7 /* Assets.xcassets */ = {isa = PBXFileReference; lastKnownFileType = folder.assetcatalog; path = Assets.xcassets; sourceTree = "<group>"; };
		025780802A163F4F002301E7 /* Minesweeper.entitlements */ = {isa = PBXFileReference; lastKnownFileType = text.plist.entitlements; path = Minesweeper.entitlements; sourceTree = "<group>"; };
		025780822A163F4F002301E7 /* Preview Assets.xcassets */ = {isa = PBXFileReference; lastKnownFileType = folder.assetcatalog; path = "Preview Assets.xcassets"; sourceTree = "<group>"; };
		0257808E2A164435002301E7 /* TileModel.swift */ = {isa = PBXFileReference; lastKnownFileType = sourcecode.swift; path = TileModel.swift; sourceTree = "<group>"; };
		025780902A1646B5002301E7 /* TileView.swift */ = {isa = PBXFileReference; lastKnownFileType = sourcecode.swift; path = TileView.swift; sourceTree = "<group>"; };
		025780922A1648EA002301E7 /* GameScreenViewModel.swift */ = {isa = PBXFileReference; lastKnownFileType = sourcecode.swift; path = GameScreenViewModel.swift; sourceTree = "<group>"; };
		027BB3502A1EC10C00C8E975 /* ImageLabelButton.swift */ = {isa = PBXFileReference; lastKnownFileType = sourcecode.swift; path = ImageLabelButton.swift; sourceTree = "<group>"; };
		0283535F2A1E859500F77919 /* ImageButton.swift */ = {isa = PBXFileReference; lastKnownFileType = sourcecode.swift; path = ImageButton.swift; sourceTree = "<group>"; };
		029238C82A1674030079B33E /* BoardModel.swift */ = {isa = PBXFileReference; lastKnownFileType = sourcecode.swift; path = BoardModel.swift; sourceTree = "<group>"; };
/* End PBXFileReference section */

/* Begin PBXFrameworksBuildPhase section */
		0257806F2A163F4E002301E7 /* Frameworks */ = {
			isa = PBXFrameworksBuildPhase;
			buildActionMask = 2147483647;
			files = (
			);
			runOnlyForDeploymentPostprocessing = 0;
		};
/* End PBXFrameworksBuildPhase section */

/* Begin PBXGroup section */
		025780692A163F4E002301E7 = {
			isa = PBXGroup;
			children = (
				025780742A163F4E002301E7 /* Minesweeper */,
				025780732A163F4E002301E7 /* Products */,
			);
			sourceTree = "<group>";
		};
		025780732A163F4E002301E7 /* Products */ = {
			isa = PBXGroup;
			children = (
				025780722A163F4E002301E7 /* Minesweeper.app */,
			);
			name = Products;
			sourceTree = "<group>";
		};
		025780742A163F4E002301E7 /* Minesweeper */ = {
			isa = PBXGroup;
			children = (
				0257808D2A163FA3002301E7 /* Assets */,
				0257808C2A163F9C002301E7 /* Models */,
				0257808B2A163F93002301E7 /* ViewModels */,
				0257808A2A163F8D002301E7 /* Views */,
				025780892A163F77002301E7 /* Screens */,
				025780752A163F4E002301E7 /* MinesweeperApp.swift */,
				025780772A163F4E002301E7 /* Persistence.swift */,
				025780802A163F4F002301E7 /* Minesweeper.entitlements */,
				025780792A163F4E002301E7 /* Minesweeper.xcdatamodeld */,
				025780812A163F4F002301E7 /* Preview Content */,
			);
			path = Minesweeper;
			sourceTree = "<group>";
		};
		025780812A163F4F002301E7 /* Preview Content */ = {
			isa = PBXGroup;
			children = (
				025780822A163F4F002301E7 /* Preview Assets.xcassets */,
			);
			path = "Preview Content";
			sourceTree = "<group>";
		};
		025780892A163F77002301E7 /* Screens */ = {
			isa = PBXGroup;
			children = (
				0257807C2A163F4E002301E7 /* GameScreen.swift */,
			);
			path = Screens;
			sourceTree = "<group>";
		};
		0257808A2A163F8D002301E7 /* Views */ = {
			isa = PBXGroup;
			children = (
				025780902A1646B5002301E7 /* TileView.swift */,
				0283535F2A1E859500F77919 /* ImageButton.swift */,
				027BB3502A1EC10C00C8E975 /* ImageLabelButton.swift */,
			);
			path = Views;
			sourceTree = "<group>";
		};
		0257808B2A163F93002301E7 /* ViewModels */ = {
			isa = PBXGroup;
			children = (
				025780922A1648EA002301E7 /* GameScreenViewModel.swift */,
			);
			path = ViewModels;
			sourceTree = "<group>";
		};
		0257808C2A163F9C002301E7 /* Models */ = {
			isa = PBXGroup;
			children = (
				0257808E2A164435002301E7 /* TileModel.swift */,
				029238C82A1674030079B33E /* BoardModel.swift */,
			);
			path = Models;
			sourceTree = "<group>";
		};
		0257808D2A163FA3002301E7 /* Assets */ = {
			isa = PBXGroup;
			children = (
				0257807E2A163F4F002301E7 /* Assets.xcassets */,
			);
			path = Assets;
			sourceTree = "<group>";
		};
/* End PBXGroup section */

/* Begin PBXNativeTarget section */
		025780712A163F4E002301E7 /* Minesweeper */ = {
			isa = PBXNativeTarget;
			buildConfigurationList = 025780862A163F4F002301E7 /* Build configuration list for PBXNativeTarget "Minesweeper" */;
			buildPhases = (
				0257806E2A163F4E002301E7 /* Sources */,
				0257806F2A163F4E002301E7 /* Frameworks */,
				025780702A163F4E002301E7 /* Resources */,
			);
			buildRules = (
			);
			dependencies = (
			);
			name = Minesweeper;
			productName = Minesweeper;
			productReference = 025780722A163F4E002301E7 /* Minesweeper.app */;
			productType = "com.apple.product-type.application";
		};
/* End PBXNativeTarget section */

/* Begin PBXProject section */
		0257806A2A163F4E002301E7 /* Project object */ = {
			isa = PBXProject;
			attributes = {
				BuildIndependentTargetsInParallel = 1;
				LastSwiftUpdateCheck = 1430;
				LastUpgradeCheck = 1430;
				TargetAttributes = {
					025780712A163F4E002301E7 = {
						CreatedOnToolsVersion = 14.3;
					};
				};
			};
			buildConfigurationList = 0257806D2A163F4E002301E7 /* Build configuration list for PBXProject "Minesweeper" */;
			compatibilityVersion = "Xcode 14.0";
			developmentRegion = en;
			hasScannedForEncodings = 0;
			knownRegions = (
				en,
				Base,
			);
			mainGroup = 025780692A163F4E002301E7;
			productRefGroup = 025780732A163F4E002301E7 /* Products */;
			projectDirPath = "";
			projectRoot = "";
			targets = (
				025780712A163F4E002301E7 /* Minesweeper */,
			);
		};
/* End PBXProject section */

/* Begin PBXResourcesBuildPhase section */
		025780702A163F4E002301E7 /* Resources */ = {
			isa = PBXResourcesBuildPhase;
			buildActionMask = 2147483647;
			files = (
				025780832A163F4F002301E7 /* Preview Assets.xcassets in Resources */,
				0257807F2A163F4F002301E7 /* Assets.xcassets in Resources */,
			);
			runOnlyForDeploymentPostprocessing = 0;
		};
/* End PBXResourcesBuildPhase section */

/* Begin PBXSourcesBuildPhase section */
		0257806E2A163F4E002301E7 /* Sources */ = {
			isa = PBXSourcesBuildPhase;
			buildActionMask = 2147483647;
			files = (
				025780932A1648EA002301E7 /* GameScreenViewModel.swift in Sources */,
				0257807B2A163F4E002301E7 /* Minesweeper.xcdatamodeld in Sources */,
				025780762A163F4E002301E7 /* MinesweeperApp.swift in Sources */,
				0257807D2A163F4E002301E7 /* GameScreen.swift in Sources */,
				027BB3512A1EC10C00C8E975 /* ImageLabelButton.swift in Sources */,
				028353602A1E859500F77919 /* ImageButton.swift in Sources */,
				029238C92A1674030079B33E /* BoardModel.swift in Sources */,
				0257808F2A164435002301E7 /* TileModel.swift in Sources */,
				025780912A1646B5002301E7 /* TileView.swift in Sources */,
				025780782A163F4E002301E7 /* Persistence.swift in Sources */,
			);
			runOnlyForDeploymentPostprocessing = 0;
		};
/* End PBXSourcesBuildPhase section */

/* Begin XCBuildConfiguration section */
		025780842A163F4F002301E7 /* Debug */ = {
			isa = XCBuildConfiguration;
			buildSettings = {
				ALWAYS_SEARCH_USER_PATHS = NO;
				CLANG_ANALYZER_NONNULL = YES;
				CLANG_ANALYZER_NUMBER_OBJECT_CONVERSION = YES_AGGRESSIVE;
				CLANG_CXX_LANGUAGE_STANDARD = "gnu++20";
				CLANG_ENABLE_MODULES = YES;
				CLANG_ENABLE_OBJC_ARC = YES;
				CLANG_ENABLE_OBJC_WEAK = YES;
				CLANG_WARN_BLOCK_CAPTURE_AUTORELEASING = YES;
				CLANG_WARN_BOOL_CONVERSION = YES;
				CLANG_WARN_COMMA = YES;
				CLANG_WARN_CONSTANT_CONVERSION = YES;
				CLANG_WARN_DEPRECATED_OBJC_IMPLEMENTATIONS = YES;
				CLANG_WARN_DIRECT_OBJC_ISA_USAGE = YES_ERROR;
				CLANG_WARN_DOCUMENTATION_COMMENTS = YES;
				CLANG_WARN_EMPTY_BODY = YES;
				CLANG_WARN_ENUM_CONVERSION = YES;
				CLANG_WARN_INFINITE_RECURSION = YES;
				CLANG_WARN_INT_CONVERSION = YES;
				CLANG_WARN_NON_LITERAL_NULL_CONVERSION = YES;
				CLANG_WARN_OBJC_IMPLICIT_RETAIN_SELF = YES;
				CLANG_WARN_OBJC_LITERAL_CONVERSION = YES;
				CLANG_WARN_OBJC_ROOT_CLASS = YES_ERROR;
				CLANG_WARN_QUOTED_INCLUDE_IN_FRAMEWORK_HEADER = YES;
				CLANG_WARN_RANGE_LOOP_ANALYSIS = YES;
				CLANG_WARN_STRICT_PROTOTYPES = YES;
				CLANG_WARN_SUSPICIOUS_MOVE = YES;
				CLANG_WARN_UNGUARDED_AVAILABILITY = YES_AGGRESSIVE;
				CLANG_WARN_UNREACHABLE_CODE = YES;
				CLANG_WARN__DUPLICATE_METHOD_MATCH = YES;
				COPY_PHASE_STRIP = NO;
				DEBUG_INFORMATION_FORMAT = dwarf;
				ENABLE_STRICT_OBJC_MSGSEND = YES;
				ENABLE_TESTABILITY = YES;
				GCC_C_LANGUAGE_STANDARD = gnu11;
				GCC_DYNAMIC_NO_PIC = NO;
				GCC_NO_COMMON_BLOCKS = YES;
				GCC_OPTIMIZATION_LEVEL = 0;
				GCC_PREPROCESSOR_DEFINITIONS = (
					"DEBUG=1",
					"$(inherited)",
				);
				GCC_WARN_64_TO_32_BIT_CONVERSION = YES;
				GCC_WARN_ABOUT_RETURN_TYPE = YES_ERROR;
				GCC_WARN_UNDECLARED_SELECTOR = YES;
				GCC_WARN_UNINITIALIZED_AUTOS = YES_AGGRESSIVE;
				GCC_WARN_UNUSED_FUNCTION = YES;
				GCC_WARN_UNUSED_VARIABLE = YES;
				MTL_ENABLE_DEBUG_INFO = INCLUDE_SOURCE;
				MTL_FAST_MATH = YES;
				ONLY_ACTIVE_ARCH = YES;
				SWIFT_ACTIVE_COMPILATION_CONDITIONS = DEBUG;
				SWIFT_OPTIMIZATION_LEVEL = "-Onone";
			};
			name = Debug;
		};
		025780852A163F4F002301E7 /* Release */ = {
			isa = XCBuildConfiguration;
			buildSettings = {
				ALWAYS_SEARCH_USER_PATHS = NO;
				CLANG_ANALYZER_NONNULL = YES;
				CLANG_ANALYZER_NUMBER_OBJECT_CONVERSION = YES_AGGRESSIVE;
				CLANG_CXX_LANGUAGE_STANDARD = "gnu++20";
				CLANG_ENABLE_MODULES = YES;
				CLANG_ENABLE_OBJC_ARC = YES;
				CLANG_ENABLE_OBJC_WEAK = YES;
				CLANG_WARN_BLOCK_CAPTURE_AUTORELEASING = YES;
				CLANG_WARN_BOOL_CONVERSION = YES;
				CLANG_WARN_COMMA = YES;
				CLANG_WARN_CONSTANT_CONVERSION = YES;
				CLANG_WARN_DEPRECATED_OBJC_IMPLEMENTATIONS = YES;
				CLANG_WARN_DIRECT_OBJC_ISA_USAGE = YES_ERROR;
				CLANG_WARN_DOCUMENTATION_COMMENTS = YES;
				CLANG_WARN_EMPTY_BODY = YES;
				CLANG_WARN_ENUM_CONVERSION = YES;
				CLANG_WARN_INFINITE_RECURSION = YES;
				CLANG_WARN_INT_CONVERSION = YES;
				CLANG_WARN_NON_LITERAL_NULL_CONVERSION = YES;
				CLANG_WARN_OBJC_IMPLICIT_RETAIN_SELF = YES;
				CLANG_WARN_OBJC_LITERAL_CONVERSION = YES;
				CLANG_WARN_OBJC_ROOT_CLASS = YES_ERROR;
				CLANG_WARN_QUOTED_INCLUDE_IN_FRAMEWORK_HEADER = YES;
				CLANG_WARN_RANGE_LOOP_ANALYSIS = YES;
				CLANG_WARN_STRICT_PROTOTYPES = YES;
				CLANG_WARN_SUSPICIOUS_MOVE = YES;
				CLANG_WARN_UNGUARDED_AVAILABILITY = YES_AGGRESSIVE;
				CLANG_WARN_UNREACHABLE_CODE = YES;
				CLANG_WARN__DUPLICATE_METHOD_MATCH = YES;
				COPY_PHASE_STRIP = NO;
				DEBUG_INFORMATION_FORMAT = "dwarf-with-dsym";
				ENABLE_NS_ASSERTIONS = NO;
				ENABLE_STRICT_OBJC_MSGSEND = YES;
				GCC_C_LANGUAGE_STANDARD = gnu11;
				GCC_NO_COMMON_BLOCKS = YES;
				GCC_WARN_64_TO_32_BIT_CONVERSION = YES;
				GCC_WARN_ABOUT_RETURN_TYPE = YES_ERROR;
				GCC_WARN_UNDECLARED_SELECTOR = YES;
				GCC_WARN_UNINITIALIZED_AUTOS = YES_AGGRESSIVE;
				GCC_WARN_UNUSED_FUNCTION = YES;
				GCC_WARN_UNUSED_VARIABLE = YES;
				MTL_ENABLE_DEBUG_INFO = NO;
				MTL_FAST_MATH = YES;
				SWIFT_COMPILATION_MODE = wholemodule;
				SWIFT_OPTIMIZATION_LEVEL = "-O";
			};
			name = Release;
		};
		025780872A163F4F002301E7 /* Debug */ = {
			isa = XCBuildConfiguration;
			buildSettings = {
				ASSETCATALOG_COMPILER_APPICON_NAME = AppIcon;
				ASSETCATALOG_COMPILER_GLOBAL_ACCENT_COLOR_NAME = AccentColor;
				CODE_SIGN_ENTITLEMENTS = Minesweeper/Minesweeper.entitlements;
				CODE_SIGN_IDENTITY = "Apple Development";
				CODE_SIGN_STYLE = Automatic;
				CURRENT_PROJECT_VERSION = 1;
				DEVELOPMENT_ASSET_PATHS = "\"Minesweeper/Preview Content\"";
				DEVELOPMENT_TEAM = 69JUUS9M7T;
				ENABLE_HARDENED_RUNTIME = YES;
				ENABLE_PREVIEWS = YES;
				GENERATE_INFOPLIST_FILE = YES;
				INFOPLIST_KEY_CFBundleDisplayName = iSweeper;
				INFOPLIST_KEY_LSApplicationCategoryType = "public.app-category.arcade-games";
				"INFOPLIST_KEY_UIApplicationSceneManifest_Generation[sdk=iphoneos*]" = YES;
				"INFOPLIST_KEY_UIApplicationSceneManifest_Generation[sdk=iphonesimulator*]" = YES;
				"INFOPLIST_KEY_UIApplicationSupportsIndirectInputEvents[sdk=iphoneos*]" = YES;
				"INFOPLIST_KEY_UIApplicationSupportsIndirectInputEvents[sdk=iphonesimulator*]" = YES;
				"INFOPLIST_KEY_UILaunchScreen_Generation[sdk=iphoneos*]" = YES;
				"INFOPLIST_KEY_UILaunchScreen_Generation[sdk=iphonesimulator*]" = YES;
				"INFOPLIST_KEY_UIStatusBarStyle[sdk=iphoneos*]" = UIStatusBarStyleDefault;
				"INFOPLIST_KEY_UIStatusBarStyle[sdk=iphonesimulator*]" = UIStatusBarStyleDefault;
				INFOPLIST_KEY_UISupportedInterfaceOrientations = UIInterfaceOrientationPortrait;
				INFOPLIST_KEY_UISupportedInterfaceOrientations_iPad = "UIInterfaceOrientationLandscapeLeft UIInterfaceOrientationLandscapeRight UIInterfaceOrientationPortrait UIInterfaceOrientationPortraitUpsideDown";
				IPHONEOS_DEPLOYMENT_TARGET = 16.0;
				LD_RUNPATH_SEARCH_PATHS = "@executable_path/Frameworks";
				"LD_RUNPATH_SEARCH_PATHS[sdk=macosx*]" = "@executable_path/../Frameworks";
				MACOSX_DEPLOYMENT_TARGET = 13.3;
				MARKETING_VERSION = 1.0;
				PRODUCT_BUNDLE_IDENTIFIER = com.mrprojects.Minesweeper;
				PRODUCT_NAME = "$(TARGET_NAME)";
				PROVISIONING_PROFILE_SPECIFIER = "";
				SDKROOT = auto;
				SUPPORTED_PLATFORMS = "iphoneos iphonesimulator";
				SUPPORTS_MACCATALYST = NO;
				SUPPORTS_MAC_DESIGNED_FOR_IPHONE_IPAD = NO;
				SWIFT_EMIT_LOC_STRINGS = YES;
				SWIFT_VERSION = 5.0;
				TARGETED_DEVICE_FAMILY = 1;
			};
			name = Debug;
		};
		025780882A163F4F002301E7 /* Release */ = {
			isa = XCBuildConfiguration;
			buildSettings = {
				ASSETCATALOG_COMPILER_APPICON_NAME = AppIcon;
				ASSETCATALOG_COMPILER_GLOBAL_ACCENT_COLOR_NAME = AccentColor;
				CODE_SIGN_ENTITLEMENTS = Minesweeper/Minesweeper.entitlements;
				CODE_SIGN_IDENTITY = "Apple Development";
				CODE_SIGN_STYLE = Automatic;
				CURRENT_PROJECT_VERSION = 1;
				DEVELOPMENT_ASSET_PATHS = "\"Minesweeper/Preview Content\"";
				DEVELOPMENT_TEAM = 69JUUS9M7T;
				ENABLE_HARDENED_RUNTIME = YES;
				ENABLE_PREVIEWS = YES;
				GENERATE_INFOPLIST_FILE = YES;
				INFOPLIST_KEY_CFBundleDisplayName = iSweeper;
				INFOPLIST_KEY_LSApplicationCategoryType = "public.app-category.arcade-games";
				"INFOPLIST_KEY_UIApplicationSceneManifest_Generation[sdk=iphoneos*]" = YES;
				"INFOPLIST_KEY_UIApplicationSceneManifest_Generation[sdk=iphonesimulator*]" = YES;
				"INFOPLIST_KEY_UIApplicationSupportsIndirectInputEvents[sdk=iphoneos*]" = YES;
				"INFOPLIST_KEY_UIApplicationSupportsIndirectInputEvents[sdk=iphonesimulator*]" = YES;
				"INFOPLIST_KEY_UILaunchScreen_Generation[sdk=iphoneos*]" = YES;
				"INFOPLIST_KEY_UILaunchScreen_Generation[sdk=iphonesimulator*]" = YES;
				"INFOPLIST_KEY_UIStatusBarStyle[sdk=iphoneos*]" = UIStatusBarStyleDefault;
				"INFOPLIST_KEY_UIStatusBarStyle[sdk=iphonesimulator*]" = UIStatusBarStyleDefault;
				INFOPLIST_KEY_UISupportedInterfaceOrientations = UIInterfaceOrientationPortrait;
				INFOPLIST_KEY_UISupportedInterfaceOrientations_iPad = "UIInterfaceOrientationLandscapeLeft UIInterfaceOrientationLandscapeRight UIInterfaceOrientationPortrait UIInterfaceOrientationPortraitUpsideDown";
				IPHONEOS_DEPLOYMENT_TARGET = 16.0;
				LD_RUNPATH_SEARCH_PATHS = "@executable_path/Frameworks";
				"LD_RUNPATH_SEARCH_PATHS[sdk=macosx*]" = "@executable_path/../Frameworks";
				MACOSX_DEPLOYMENT_TARGET = 13.3;
				MARKETING_VERSION = 1.0;
				PRODUCT_BUNDLE_IDENTIFIER = com.mrprojects.Minesweeper;
				PRODUCT_NAME = "$(TARGET_NAME)";
				PROVISIONING_PROFILE_SPECIFIER = "";
				SDKROOT = auto;
				SUPPORTED_PLATFORMS = "iphoneos iphonesimulator";
				SUPPORTS_MACCATALYST = NO;
				SUPPORTS_MAC_DESIGNED_FOR_IPHONE_IPAD = NO;
				SWIFT_EMIT_LOC_STRINGS = YES;
				SWIFT_VERSION = 5.0;
				TARGETED_DEVICE_FAMILY = 1;
			};
			name = Release;
		};
/* End XCBuildConfiguration section */

/* Begin XCConfigurationList section */
		0257806D2A163F4E002301E7 /* Build configuration list for PBXProject "Minesweeper" */ = {
			isa = XCConfigurationList;
			buildConfigurations = (
				025780842A163F4F002301E7 /* Debug */,
				025780852A163F4F002301E7 /* Release */,
			);
			defaultConfigurationIsVisible = 0;
			defaultConfigurationName = Release;
		};
		025780862A163F4F002301E7 /* Build configuration list for PBXNativeTarget "Minesweeper" */ = {
			isa = XCConfigurationList;
			buildConfigurations = (
				025780872A163F4F002301E7 /* Debug */,
				025780882A163F4F002301E7 /* Release */,
			);
			defaultConfigurationIsVisible = 0;
			defaultConfigurationName = Release;
		};
/* End XCConfigurationList section */

/* Begin XCVersionGroup section */
		025780792A163F4E002301E7 /* Minesweeper.xcdatamodeld */ = {
			isa = XCVersionGroup;
			children = (
				0257807A2A163F4E002301E7 /* Minesweeper.xcdatamodel */,
			);
			currentVersion = 0257807A2A163F4E002301E7 /* Minesweeper.xcdatamodel */;
			path = Minesweeper.xcdatamodeld;
			sourceTree = "<group>";
			versionGroupType = wrapper.xcdatamodel;
		};
/* End XCVersionGroup section */
	};
	rootObject = 0257806A2A163F4E002301E7 /* Project object */;
}
